// !$*UTF8*$!
{
	archiveVersion = 1;
	classes = {
	};
	objectVersion = 77;
	objects = {

/* Begin PBXBuildFile section */
		10549DB6277F4F10CC7D633E /* Pods_fancyLyrics.framework in Frameworks */ = {isa = PBXBuildFile; fileRef = 5731991E65FD3C16BEEA4EED /* Pods_fancyLyrics.framework */; };
/* End PBXBuildFile section */

/* Begin PBXFileReference section */
		52BBB3FA2E1F50820065B269 /* fancyLyrics.pock */ = {isa = PBXFileReference; explicitFileType = wrapper.cfbundle; includeInIndex = 0; path = fancyLyrics.pock; sourceTree = BUILT_PRODUCTS_DIR; };
		5731991E65FD3C16BEEA4EED /* Pods_fancyLyrics.framework */ = {isa = PBXFileReference; explicitFileType = wrapper.framework; includeInIndex = 0; path = Pods_fancyLyrics.framework; sourceTree = BUILT_PRODUCTS_DIR; };
		BABC35D0CA3FEBA9E0382EA1 /* Pods-fancyLyrics.debug.xcconfig */ = {isa = PBXFileReference; includeInIndex = 1; lastKnownFileType = text.xcconfig; name = "Pods-fancyLyrics.debug.xcconfig"; path = "Target Support Files/Pods-fancyLyrics/Pods-fancyLyrics.debug.xcconfig"; sourceTree = "<group>"; };
		C8AD38AE9AB7BF1FA02B4BC8 /* Pods-fancyLyrics.release.xcconfig */ = {isa = PBXFileReference; includeInIndex = 1; lastKnownFileType = text.xcconfig; name = "Pods-fancyLyrics.release.xcconfig"; path = "Target Support Files/Pods-fancyLyrics/Pods-fancyLyrics.release.xcconfig"; sourceTree = "<group>"; };
/* End PBXFileReference section */

/* Begin PBXFileSystemSynchronizedBuildFileExceptionSet section */
		52BBB4022E1F50820065B269 /* Exceptions for "fancyLyrics" folder in "fancyLyrics" target */ = {
			isa = PBXFileSystemSynchronizedBuildFileExceptionSet;
			membershipExceptions = (
				Info.plist,
			);
			target = 52BBB3F92E1F50820065B269 /* fancyLyrics */;
		};
/* End PBXFileSystemSynchronizedBuildFileExceptionSet section */

/* Begin PBXFileSystemSynchronizedRootGroup section */
		52BBB3FC2E1F50820065B269 /* fancyLyrics */ = {
			isa = PBXFileSystemSynchronizedRootGroup;
			exceptions = (
				52BBB4022E1F50820065B269 /* Exceptions for "fancyLyrics" folder in "fancyLyrics" target */,
			);
			path = fancyLyrics;
			sourceTree = "<group>";
		};
/* End PBXFileSystemSynchronizedRootGroup section */

/* Begin PBXFrameworksBuildPhase section */
		52BBB3F62E1F50820065B269 /* Frameworks */ = {
			isa = PBXFrameworksBuildPhase;
			buildActionMask = 2147483647;
			files = (
				10549DB6277F4F10CC7D633E /* Pods_fancyLyrics.framework in Frameworks */,
			);
			runOnlyForDeploymentPostprocessing = 0;
		};
/* End PBXFrameworksBuildPhase section */

/* Begin PBXGroup section */
		058FF560699F3F7164E63DCD /* Pods */ = {
			isa = PBXGroup;
			children = (
				BABC35D0CA3FEBA9E0382EA1 /* Pods-fancyLyrics.debug.xcconfig */,
				C8AD38AE9AB7BF1FA02B4BC8 /* Pods-fancyLyrics.release.xcconfig */,
			);
			path = Pods;
			sourceTree = "<group>";
		};
		52BBB3F02E1F50820065B269 = {
			isa = PBXGroup;
			children = (
				52BBB3FC2E1F50820065B269 /* fancyLyrics */,
				52BBB3FB2E1F50820065B269 /* Products */,
				058FF560699F3F7164E63DCD /* Pods */,
				874325ACB95982EB6EC33A70 /* Frameworks */,
			);
			sourceTree = "<group>";
		};
		52BBB3FB2E1F50820065B269 /* Products */ = {
			isa = PBXGroup;
			children = (
				52BBB3FA2E1F50820065B269 /* fancyLyrics.pock */,
			);
			name = Products;
			sourceTree = "<group>";
		};
		874325ACB95982EB6EC33A70 /* Frameworks */ = {
			isa = PBXGroup;
			children = (
				5731991E65FD3C16BEEA4EED /* Pods_fancyLyrics.framework */,
			);
			name = Frameworks;
			sourceTree = "<group>";
		};
/* End PBXGroup section */

/* Begin PBXNativeTarget section */
		52BBB3F92E1F50820065B269 /* fancyLyrics */ = {
			isa = PBXNativeTarget;
			buildConfigurationList = 52BBB4032E1F50820065B269 /* Build configuration list for PBXNativeTarget "fancyLyrics" */;
			buildPhases = (
				B1C5080C1200E67ED73DA07A /* [CP] Check Pods Manifest.lock */,
				52BBB3F52E1F50820065B269 /* Sources */,
				52BBB3F62E1F50820065B269 /* Frameworks */,
				52BBB3F72E1F50820065B269 /* Resources */,
				52BBB3F82E1F50820065B269 /* [PK] Install widget */,
			);
			buildRules = (
			);
			dependencies = (
			);
			fileSystemSynchronizedGroups = (
				52BBB3FC2E1F50820065B269 /* fancyLyrics */,
			);
			name = fancyLyrics;
			productName = fancyLyrics;
			productReference = 52BBB3FA2E1F50820065B269 /* fancyLyrics.pock */;
			productType = "com.apple.product-type.bundle";
		};
/* End PBXNativeTarget section */

/* Begin PBXProject section */
		52BBB3F12E1F50820065B269 /* Project object */ = {
			isa = PBXProject;
			attributes = {
				BuildIndependentTargetsInParallel = 1;
				LastSwiftUpdateCheck = 1640;
				LastUpgradeCheck = 1640;
				TargetAttributes = {
					52BBB3F92E1F50820065B269 = {
						CreatedOnToolsVersion = 16.4;
					};
				};
			};
			buildConfigurationList = 52BBB3F42E1F50820065B269 /* Build configuration list for PBXProject "fancyLyrics" */;
			developmentRegion = en;
			hasScannedForEncodings = 0;
			knownRegions = (
				en,
				Base,
			);
			mainGroup = 52BBB3F02E1F50820065B269;
			minimizedProjectReferenceProxies = 1;
			preferredProjectObjectVersion = 77;
			productRefGroup = 52BBB3FB2E1F50820065B269 /* Products */;
			projectDirPath = "";
			projectRoot = "";
			targets = (
				52BBB3F92E1F50820065B269 /* fancyLyrics */,
			);
		};
/* End PBXProject section */

/* Begin PBXResourcesBuildPhase section */
		52BBB3F72E1F50820065B269 /* Resources */ = {
			isa = PBXResourcesBuildPhase;
			buildActionMask = 2147483647;
			files = (
			);
			runOnlyForDeploymentPostprocessing = 0;
		};
/* End PBXResourcesBuildPhase section */

/* Begin PBXShellScriptBuildPhase section */
		52BBB3F82E1F50820065B269 /* [PK] Install widget */ = {
			isa = PBXShellScriptBuildPhase;
			alwaysOutOfDate = 1;
			buildActionMask = 2147483647;
			files = (
			);
			inputFileListPaths = (
			);
			inputPaths = (
			);
			name = "[PK] Install widget";
			outputFileListPaths = (
			);
			outputPaths = (
				"$(DERIVED_FILE_DIR)/output",
			);
			runOnlyForDeploymentPostprocessing = 0;
			shellPath = /bin/sh;
			shellScript = "#!/bin/bash\n\nset -x\n\nSRC=\"${BUILT_PRODUCTS_DIR}/${FULL_PRODUCT_NAME}\"\nDEST=\"$HOME/Library/Application Support/Pock/Widgets\"\n\necho \"SRC: \\\"$SRC\\\"\"\necho \"DEST: \\\"$DEST\\\"\"\n\nmkdir -p \"$DEST\" || echo \"mkdir failed\"\nls -la \"$SRC\" || echo \"ls failed\"\ncp -R \"$SRC\" \"$DEST\" || echo \"cp failed\"\n";
		};
		B1C5080C1200E67ED73DA07A /* [CP] Check Pods Manifest.lock */ = {
			isa = PBXShellScriptBuildPhase;
			buildActionMask = 2147483647;
			files = (
			);
			inputFileListPaths = (
			);
			inputPaths = (
				"${PODS_PODFILE_DIR_PATH}/Podfile.lock",
				"${PODS_ROOT}/Manifest.lock",
			);
			name = "[CP] Check Pods Manifest.lock";
			outputFileListPaths = (
			);
			outputPaths = (
				"$(DERIVED_FILE_DIR)/Pods-fancyLyrics-checkManifestLockResult.txt",
			);
			runOnlyForDeploymentPostprocessing = 0;
			shellPath = /bin/sh;
			shellScript = "diff \"${PODS_PODFILE_DIR_PATH}/Podfile.lock\" \"${PODS_ROOT}/Manifest.lock\" > /dev/null\nif [ $? != 0 ] ; then\n    # print error to STDERR\n    echo \"error: The sandbox is not in sync with the Podfile.lock. Run 'pod install' or update your CocoaPods installation.\" >&2\n    exit 1\nfi\n# This output is used by Xcode 'outputs' to avoid re-running this script phase.\necho \"SUCCESS\" > \"${SCRIPT_OUTPUT_FILE_0}\"\n";
			showEnvVarsInLog = 0;
		};
/* End PBXShellScriptBuildPhase section */

/* Begin PBXSourcesBuildPhase section */
		52BBB3F52E1F50820065B269 /* Sources */ = {
			isa = PBXSourcesBuildPhase;
			buildActionMask = 2147483647;
			files = (
			);
			runOnlyForDeploymentPostprocessing = 0;
		};
/* End PBXSourcesBuildPhase section */

/* Begin XCBuildConfiguration section */
		52BBB4042E1F50820065B269 /* Debug */ = {
			isa = XCBuildConfiguration;
			baseConfigurationReference = BABC35D0CA3FEBA9E0382EA1 /* Pods-fancyLyrics.debug.xcconfig */;
			buildSettings = {
				ALWAYS_EMBED_SWIFT_STANDARD_LIBRARIES = "$(inherited)";
				CODE_SIGN_STYLE = Automatic;
				COMBINE_HIDPI_IMAGES = YES;
				CURRENT_PROJECT_VERSION = 1;
				GENERATE_INFOPLIST_FILE = YES;
				INFOPLIST_FILE = fancyLyrics/Info.plist;
				INSTALL_PATH = "$(LOCAL_LIBRARY_DIR)/Application\\ Support/Pock/Widgets";
				MACOSX_DEPLOYMENT_TARGET = 15.0;
				MARKETING_VERSION = 1.0;
				NEW_SETTING = "";
				PRODUCT_BUNDLE_IDENTIFIER = fixu.fancyLyrics;
				PRODUCT_NAME = "$(TARGET_NAME)";
				SWIFT_EMIT_LOC_STRINGS = YES;
				SWIFT_OPTIMIZATION_LEVEL = "-Onone";
				SWIFT_VERSION = 6.0;
				WRAPPER_EXTENSION = pock;
			};
			name = Debug;
		};
		52BBB4052E1F50820065B269 /* Release */ = {
			isa = XCBuildConfiguration;
			baseConfigurationReference = C8AD38AE9AB7BF1FA02B4BC8 /* Pods-fancyLyrics.release.xcconfig */;
			buildSettings = {
				ALWAYS_EMBED_SWIFT_STANDARD_LIBRARIES = "$(inherited)";
				CODE_SIGN_STYLE = Automatic;
				COMBINE_HIDPI_IMAGES = YES;
				CURRENT_PROJECT_VERSION = 1;
				GENERATE_INFOPLIST_FILE = YES;
				INFOPLIST_FILE = fancyLyrics/Info.plist;
				INSTALL_PATH = "$(LOCAL_LIBRARY_DIR)/Application\\ Support/Pock/Widgets";
				MACOSX_DEPLOYMENT_TARGET = 15.0;
				MARKETING_VERSION = 1.0;
				NEW_SETTING = "";
				PRODUCT_BUNDLE_IDENTIFIER = fixu.fancyLyrics;
				PRODUCT_NAME = "$(TARGET_NAME)";
				SWIFT_EMIT_LOC_STRINGS = YES;
				SWIFT_OPTIMIZATION_LEVEL = "-Onone";
				SWIFT_VERSION = 6.0;
				WRAPPER_EXTENSION = pock;
			};
			name = Release;
		};
		52BBB4062E1F50820065B269 /* Debug */ = {
			isa = XCBuildConfiguration;
			buildSettings = {
				ALWAYS_SEARCH_USER_PATHS = NO;
				ASSETCATALOG_COMPILER_GENERATE_SWIFT_ASSET_SYMBOL_EXTENSIONS = YES;
				CLANG_ANALYZER_NONNULL = YES;
				CLANG_ANALYZER_NUMBER_OBJECT_CONVERSION = YES_AGGRESSIVE;
				CLANG_CXX_LANGUAGE_STANDARD = "gnu++20";
				CLANG_ENABLE_MODULES = YES;
				CLANG_ENABLE_OBJC_ARC = YES;
				CLANG_ENABLE_OBJC_WEAK = YES;
				CLANG_WARN_BLOCK_CAPTURE_AUTORELEASING = YES;
				CLANG_WARN_BOOL_CONVERSION = YES;
				CLANG_WARN_COMMA = YES;
				CLANG_WARN_CONSTANT_CONVERSION = YES;
				CLANG_WARN_DEPRECATED_OBJC_IMPLEMENTATIONS = YES;
				CLANG_WARN_DIRECT_OBJC_ISA_USAGE = YES_ERROR;
				CLANG_WARN_DOCUMENTATION_COMMENTS = YES;
				CLANG_WARN_EMPTY_BODY = YES;
				CLANG_WARN_ENUM_CONVERSION = YES;
				CLANG_WARN_INFINITE_RECURSION = YES;
				CLANG_WARN_INT_CONVERSION = YES;
				CLANG_WARN_NON_LITERAL_NULL_CONVERSION = YES;
				CLANG_WARN_OBJC_IMPLICIT_RETAIN_SELF = YES;
				CLANG_WARN_OBJC_LITERAL_CONVERSION = YES;
				CLANG_WARN_OBJC_ROOT_CLASS = YES_ERROR;
				CLANG_WARN_QUOTED_INCLUDE_IN_FRAMEWORK_HEADER = YES;
				CLANG_WARN_RANGE_LOOP_ANALYSIS = YES;
				CLANG_WARN_STRICT_PROTOTYPES = YES;
				CLANG_WARN_SUSPICIOUS_MOVE = YES;
				CLANG_WARN_UNGUARDED_AVAILABILITY = YES_AGGRESSIVE;
				CLANG_WARN_UNREACHABLE_CODE = YES;
				CLANG_WARN__DUPLICATE_METHOD_MATCH = YES;
				COPY_PHASE_STRIP = NO;
				DEBUG_INFORMATION_FORMAT = dwarf;
				ENABLE_STRICT_OBJC_MSGSEND = YES;
				ENABLE_TESTABILITY = YES;
				ENABLE_USER_SCRIPT_SANDBOXING = YES;
				GCC_C_LANGUAGE_STANDARD = gnu17;
				GCC_DYNAMIC_NO_PIC = NO;
				GCC_NO_COMMON_BLOCKS = YES;
				GCC_OPTIMIZATION_LEVEL = 0;
				GCC_PREPROCESSOR_DEFINITIONS = (
					"DEBUG=1",
					"$(inherited)",
				);
				GCC_WARN_64_TO_32_BIT_CONVERSION = YES;
				GCC_WARN_ABOUT_RETURN_TYPE = YES_ERROR;
				GCC_WARN_UNDECLARED_SELECTOR = YES;
				GCC_WARN_UNINITIALIZED_AUTOS = YES_AGGRESSIVE;
				GCC_WARN_UNUSED_FUNCTION = YES;
				GCC_WARN_UNUSED_VARIABLE = YES;
				LOCALIZATION_PREFERS_STRING_CATALOGS = YES;
				MACOSX_DEPLOYMENT_TARGET = 15.0;
				MTL_ENABLE_DEBUG_INFO = INCLUDE_SOURCE;
				MTL_FAST_MATH = YES;
				ONLY_ACTIVE_ARCH = YES;
				SDKROOT = macosx;
			};
			name = Debug;
		};
		52BBB4072E1F50820065B269 /* Release */ = {
			isa = XCBuildConfiguration;
			buildSettings = {
				ALWAYS_SEARCH_USER_PATHS = NO;
				ASSETCATALOG_COMPILER_GENERATE_SWIFT_ASSET_SYMBOL_EXTENSIONS = YES;
				CLANG_ANALYZER_NONNULL = YES;
				CLANG_ANALYZER_NUMBER_OBJECT_CONVERSION = YES_AGGRESSIVE;
				CLANG_CXX_LANGUAGE_STANDARD = "gnu++20";
				CLANG_ENABLE_MODULES = YES;
				CLANG_ENABLE_OBJC_ARC = YES;
				CLANG_ENABLE_OBJC_WEAK = YES;
				CLANG_WARN_BLOCK_CAPTURE_AUTORELEASING = YES;
				CLANG_WARN_BOOL_CONVERSION = YES;
				CLANG_WARN_COMMA = YES;
				CLANG_WARN_CONSTANT_CONVERSION = YES;
				CLANG_WARN_DEPRECATED_OBJC_IMPLEMENTATIONS = YES;
				CLANG_WARN_DIRECT_OBJC_ISA_USAGE = YES_ERROR;
				CLANG_WARN_DOCUMENTATION_COMMENTS = YES;
				CLANG_WARN_EMPTY_BODY = YES;
				CLANG_WARN_ENUM_CONVERSION = YES;
				CLANG_WARN_INFINITE_RECURSION = YES;
				CLANG_WARN_INT_CONVERSION = YES;
				CLANG_WARN_NON_LITERAL_NULL_CONVERSION = YES;
				CLANG_WARN_OBJC_IMPLICIT_RETAIN_SELF = YES;
				CLANG_WARN_OBJC_LITERAL_CONVERSION = YES;
				CLANG_WARN_OBJC_ROOT_CLASS = YES_ERROR;
				CLANG_WARN_QUOTED_INCLUDE_IN_FRAMEWORK_HEADER = YES;
				CLANG_WARN_RANGE_LOOP_ANALYSIS = YES;
				CLANG_WARN_STRICT_PROTOTYPES = YES;
				CLANG_WARN_SUSPICIOUS_MOVE = YES;
				CLANG_WARN_UNGUARDED_AVAILABILITY = YES_AGGRESSIVE;
				CLANG_WARN_UNREACHABLE_CODE = YES;
				CLANG_WARN__DUPLICATE_METHOD_MATCH = YES;
				COPY_PHASE_STRIP = NO;
				DEBUG_INFORMATION_FORMAT = "dwarf-with-dsym";
				ENABLE_NS_ASSERTIONS = NO;
				ENABLE_STRICT_OBJC_MSGSEND = YES;
				ENABLE_USER_SCRIPT_SANDBOXING = YES;
				GCC_C_LANGUAGE_STANDARD = gnu17;
				GCC_NO_COMMON_BLOCKS = YES;
				GCC_WARN_64_TO_32_BIT_CONVERSION = YES;
				GCC_WARN_ABOUT_RETURN_TYPE = YES_ERROR;
				GCC_WARN_UNDECLARED_SELECTOR = YES;
				GCC_WARN_UNINITIALIZED_AUTOS = YES_AGGRESSIVE;
				GCC_WARN_UNUSED_FUNCTION = YES;
				GCC_WARN_UNUSED_VARIABLE = YES;
				LOCALIZATION_PREFERS_STRING_CATALOGS = YES;
				MACOSX_DEPLOYMENT_TARGET = 15.0;
				MTL_ENABLE_DEBUG_INFO = NO;
				MTL_FAST_MATH = YES;
				SDKROOT = macosx;
			};
			name = Release;
		};
/* End XCBuildConfiguration section */

/* Begin XCConfigurationList section */
		52BBB3F42E1F50820065B269 /* Build configuration list for PBXProject "fancyLyrics" */ = {
			isa = XCConfigurationList;
			buildConfigurations = (
				52BBB4062E1F50820065B269 /* Debug */,
				52BBB4072E1F50820065B269 /* Release */,
			);
			defaultConfigurationIsVisible = 0;
			defaultConfigurationName = Release;
		};
		52BBB4032E1F50820065B269 /* Build configuration list for PBXNativeTarget "fancyLyrics" */ = {
			isa = XCConfigurationList;
			buildConfigurations = (
				52BBB4042E1F50820065B269 /* Debug */,
				52BBB4052E1F50820065B269 /* Release */,
			);
			defaultConfigurationIsVisible = 0;
			defaultConfigurationName = Release;
		};
/* End XCConfigurationList section */
	};
	rootObject = 52BBB3F12E1F50820065B269 /* Project object */;
}
